# This file is autogenerated, do not edit; changes may be undone by the next 'dep ensure'.


[[projects]]
  digest = "1:e92f5581902c345eb4ceffdcd4a854fb8f73cf436d47d837d1ec98ef1fe0a214"
  name = "github.com/StackExchange/wmi"
  packages = ["."]
  pruneopts = "UT"
  revision = "5d049714c4a64225c3c79a7cf7d02f7fb5b96338"
  version = "1.0.0"

[[projects]]
  branch = "master"
  digest = "1:54d414482fb70eaccdd6e6fca023986b16ab3004e5b499b6bc3667d89574fc07"
  name = "github.com/getlantern/context"
  packages = ["."]
  pruneopts = "UT"
  revision = "624d99b1798d7c5375ea1d3ca4c5b04d58f7c775"

[[projects]]
  branch = "master"
  digest = "1:5df6f40bc793fa4ad53f1228688a0bda3e4f90df2d2305cdfaeaaef636b0aac1"
  name = "github.com/getlantern/errors"
  packages = ["."]
  pruneopts = "UT"
  revision = "e9c0296368b736086adb20832549567064224854"

[[projects]]
  branch = "master"
  digest = "1:99c1c515274e6c3ead7bf68dcc77f56131d0f937adeb6808ba86e0911adfdda7"
  name = "github.com/getlantern/filepersist"
  packages = ["."]
  pruneopts = "UT"
  revision = "c5f0cd24e7991579ba6f5f1bd20a1ad2c9f06cd4"

[[projects]]
  branch = "master"
  digest = "1:128515bf48085482f3b1269701a0be1b119087447d8f666a27211bdacf0b5dc9"
  name = "github.com/getlantern/golog"
  packages = ["."]
  pruneopts = "UT"
  revision = "cca714f7feb5df8e455f409b549d384441ac4578"

[[projects]]
  branch = "master"
  digest = "1:f12c7103ba4c446c6822f331ada3e5f0c3626be111a115e92700cd2724bca9ed"
  name = "github.com/getlantern/hex"
  packages = ["."]
  pruneopts = "UT"
  revision = "083fba3033ad473db3dd31c9bb368473d37581a7"

[[projects]]
  branch = "master"
  digest = "1:916634881c70eb3c2201419786896254d601a786a9124e662a079d4649df160d"
  name = "github.com/getlantern/hidden"
  packages = ["."]
  pruneopts = "UT"
  revision = "d52a649ab33af200943bb599898dbdcfdbc94cb7"

[[projects]]
  branch = "master"
  digest = "1:f84e2692edf40301ae0ce718695cde032f5c6964e4fad812749eb1eaefa95785"
  name = "github.com/getlantern/ops"
  packages = ["."]
  pruneopts = "UT"
  revision = "37353306c90844c8e0591956f56611f46299d202"

[[projects]]
  digest = "1:7b8f775b414fae18f3d596f0eec64c74fbc3a48050cd917f6b802f53827599af"
  name = "github.com/getlantern/stack"
  packages = ["."]
  pruneopts = "UT"
  revision = "ac4c579c437a23e1a15814c867ccb82122fb383b"
  version = "v1.5.0"

[[projects]]
  branch = "master"
  digest = "1:4db042c091e36b692620929e165ebec69815a62ba872f08eab0570875702bfe0"
  name = "github.com/getlantern/systray"
  packages = ["."]
  pruneopts = "UT"
  revision = "fe4b1c6bb216a485a73414ce55047ec7ce3a9766"

[[projects]]
  digest = "1:64a5a67c69b70c2420e607a8545d674a23778ed9c3e80607bfd17b77c6c87f6a"
  name = "github.com/go-ole/go-ole"
  packages = [
    ".",
    "oleutil",
  ]
  pruneopts = "UT"
  revision = "a41e3c4b706f6ae8dfbff342b06e40fa4d2d0506"
  version = "v1.2.1"

[[projects]]
  branch = "master"
  digest = "1:df63a8ddf6fd32f2cdf09db1ada151c8a27f5fe2516ee977b72d6a0707e94910"
  name = "github.com/oxtoacart/bpool"
  packages = ["."]
  pruneopts = "UT"
  revision = "4e1c5567d7c2dd59fa4c7c83d34c2f3528b025d6"

[[projects]]
  digest = "1:47584fbfd7db975cb0fb50c78a92c4a56c13725b3fe3923aa172b0163dadb960"
  name = "github.com/shirou/gopsutil"
  packages = [
    "cpu",
    "host",
    "internal/common",
    "mem",
    "net",
    "process",
  ]
  pruneopts = "UT"
  revision = "fc04d2dd9a512906a2604242b35275179e250eda"
  version = "v2.18.03"

[[projects]]
  branch = "master"
  digest = "1:99c6a6dab47067c9b898e8c8b13d130c6ab4ffbcc4b7cc6236c2cd0b1e344f5b"
  name = "github.com/shirou/w32"
  packages = ["."]
  pruneopts = "UT"
  revision = "bb4de0191aa41b5507caa14b0650cdbddcd9280b"

[[projects]]
  digest = "1:9e9193aa51197513b3abcb108970d831fbcf40ef96aa845c4f03276e1fa316d2"
  name = "github.com/sirupsen/logrus"
  packages = ["."]
  pruneopts = "UT"
  revision = "c155da19408a8799da419ed3eeb0cb5db0ad5dbc"
  version = "v1.0.5"

[[projects]]
  digest = "1:dab83a1bbc7ad3d7a6ba1a1cc1760f25ac38cdf7d96a5cdd55cd915a4f5ceaf9"
  name = "github.com/spf13/pflag"
  packages = ["."]
  pruneopts = "UT"
  revision = "9a97c102cda95a86cec2345a6f09f55a939babf5"
  version = "v1.0.2"

[[projects]]
  branch = "master"
  digest = "1:3f3a05ae0b95893d90b9b3b5afdb79a9b3d96e4e36e099d841ae602e4aca0da8"
  name = "golang.org/x/crypto"
  packages = ["ssh/terminal"]
  pruneopts = "UT"
  revision = "12892e8c234f4fe6f6803f052061de9057903bb2"

[[projects]]
  branch = "master"
  digest = "1:0cc09bfe0321a651b68c587f94585b76b0b6cf58db1f2701d6062bb91ac442f8"
  name = "golang.org/x/sys"
  packages = [
    "unix",
    "windows",
  ]
  pruneopts = "UT"
  revision = "378d26f46672a356c46195c28f61bdb4c0a781dd"

[solve-meta]
  analyzer-name = "dep"
  analyzer-version = 1
  input-imports = [
    "github.com/getlantern/systray",
    "github.com/shirou/gopsutil/process",
    "github.com/sirupsen/logrus",
    "github.com/spf13/pflag",
  ]
  solver-name = "gps-cdcl"
  solver-version = 1
